
Microsoft Visual Studio Solution File, Format Version 12.00
# Visual Studio Version 17
VisualStudioVersion = 17.10.35122.118
MinimumVisualStudioVersion = 10.0.40219.1
Project("{FAE04EC0-301F-11D3-BF4B-00C04F79EFBC}") = "Wipro_API_DFA_27_08_2024", "Wipro_API_DFA_27_08_2024\Wipro_API_DFA_27_08_2024.csproj", "{B0BCF06F-BB95-45B5-8687-A1CD8ABB1E00}"
EndProject
Global
	GlobalSection(SolutionConfigurationPlatforms) = preSolution
		Debug|Any CPU = Debug|Any CPU
		Release|Any CPU = Release|Any CPU
	EndGlobalSection
	GlobalSection(ProjectConfigurationPlatforms) = postSolution
		{B0BCF06F-BB95-45B5-8687-A1CD8ABB1E00}.Debug|Any CPU.ActiveCfg = Debug|Any CPU
		{B0BCF06F-BB95-45B5-8687-A1CD8ABB1E00}.Debug|Any CPU.Build.0 = Debug|Any CPU
		{B0BCF06F-BB95-45B5-8687-A1CD8ABB1E00}.Release|Any CPU.ActiveCfg = Release|Any CPU
		{B0BCF06F-BB95-45B5-8687-A1CD8ABB1E00}.Release|Any CPU.Build.0 = Release|Any CPU
	EndGlobalSection
	GlobalSection(SolutionProperties) = preSolution
		HideSolutionNode = FALSE
	EndGlobalSection
	GlobalSection(ExtensibilityGlobals) = postSolution
		SolutionGuid = {65A14627-F402-4880-A8F1-5B8BE99C2898}
	EndGlobalSection
EndGlobal
