
Microsoft Visual Studio Solution File, Format Version 12.00
# Visual Studio Version 17
VisualStudioVersion = 17.10.35122.118
MinimumVisualStudioVersion = 10.0.40219.1
Project("{FAE04EC0-301F-11D3-BF4B-00C04F79EFBC}") = "Wipro_27_08_2024", "Wipro_27_08_2024\Wipro_27_08_2024.csproj", "{56F49C02-F9FB-45B7-B541-3A158A6EDF66}"
EndProject
Global
	GlobalSection(SolutionConfigurationPlatforms) = preSolution
		Debug|Any CPU = Debug|Any CPU
		Release|Any CPU = Release|Any CPU
	EndGlobalSection
	GlobalSection(ProjectConfigurationPlatforms) = postSolution
		{56F49C02-F9FB-45B7-B541-3A158A6EDF66}.Debug|Any CPU.ActiveCfg = Debug|Any CPU
		{56F49C02-F9FB-45B7-B541-3A158A6EDF66}.Debug|Any CPU.Build.0 = Debug|Any CPU
		{56F49C02-F9FB-45B7-B541-3A158A6EDF66}.Release|Any CPU.ActiveCfg = Release|Any CPU
		{56F49C02-F9FB-45B7-B541-3A158A6EDF66}.Release|Any CPU.Build.0 = Release|Any CPU
	EndGlobalSection
	GlobalSection(SolutionProperties) = preSolution
		HideSolutionNode = FALSE
	EndGlobalSection
	GlobalSection(ExtensibilityGlobals) = postSolution
		SolutionGuid = {14A5E1E0-C0AD-45C2-8E4C-86F62B6B0C7B}
	EndGlobalSection
EndGlobal
