
Microsoft Visual Studio Solution File, Format Version 12.00
# Visual Studio Version 17
VisualStudioVersion = 17.10.35122.118
MinimumVisualStudioVersion = 10.0.40219.1
Project("{FAE04EC0-301F-11D3-BF4B-00C04F79EFBC}") = "Wipro_MethodOverriding", "Wipro_MethodOverriding\Wipro_MethodOverriding.csproj", "{3D9F6BFF-7526-4DAA-846B-36CBD31F53DF}"
EndProject
Global
	GlobalSection(SolutionConfigurationPlatforms) = preSolution
		Debug|Any CPU = Debug|Any CPU
		Release|Any CPU = Release|Any CPU
	EndGlobalSection
	GlobalSection(ProjectConfigurationPlatforms) = postSolution
		{3D9F6BFF-7526-4DAA-846B-36CBD31F53DF}.Debug|Any CPU.ActiveCfg = Debug|Any CPU
		{3D9F6BFF-7526-4DAA-846B-36CBD31F53DF}.Debug|Any CPU.Build.0 = Debug|Any CPU
		{3D9F6BFF-7526-4DAA-846B-36CBD31F53DF}.Release|Any CPU.ActiveCfg = Release|Any CPU
		{3D9F6BFF-7526-4DAA-846B-36CBD31F53DF}.Release|Any CPU.Build.0 = Release|Any CPU
	EndGlobalSection
	GlobalSection(SolutionProperties) = preSolution
		HideSolutionNode = FALSE
	EndGlobalSection
	GlobalSection(ExtensibilityGlobals) = postSolution
		SolutionGuid = {E129FB2B-4A85-4122-BFED-4D6C701C56B6}
	EndGlobalSection
EndGlobal
