
Microsoft Visual Studio Solution File, Format Version 12.00
# Visual Studio Version 17
VisualStudioVersion = 17.10.35122.118
MinimumVisualStudioVersion = 10.0.40219.1
Project("{FAE04EC0-301F-11D3-BF4B-00C04F79EFBC}") = "Wipro_Multilevel_Inheritance", "Wipro_Multilevel_Inheritance\Wipro_Multilevel_Inheritance.csproj", "{32EC12ED-64A0-43C0-9FCE-EECFCF85063D}"
EndProject
Global
	GlobalSection(SolutionConfigurationPlatforms) = preSolution
		Debug|Any CPU = Debug|Any CPU
		Release|Any CPU = Release|Any CPU
	EndGlobalSection
	GlobalSection(ProjectConfigurationPlatforms) = postSolution
		{32EC12ED-64A0-43C0-9FCE-EECFCF85063D}.Debug|Any CPU.ActiveCfg = Debug|Any CPU
		{32EC12ED-64A0-43C0-9FCE-EECFCF85063D}.Debug|Any CPU.Build.0 = Debug|Any CPU
		{32EC12ED-64A0-43C0-9FCE-EECFCF85063D}.Release|Any CPU.ActiveCfg = Release|Any CPU
		{32EC12ED-64A0-43C0-9FCE-EECFCF85063D}.Release|Any CPU.Build.0 = Release|Any CPU
	EndGlobalSection
	GlobalSection(SolutionProperties) = preSolution
		HideSolutionNode = FALSE
	EndGlobalSection
	GlobalSection(ExtensibilityGlobals) = postSolution
		SolutionGuid = {CDFD6AEB-B28E-4799-9FAD-D81700A67704}
	EndGlobalSection
EndGlobal
