
Microsoft Visual Studio Solution File, Format Version 12.00
# Visual Studio Version 17
VisualStudioVersion = 17.10.35122.118
MinimumVisualStudioVersion = 10.0.40219.1
Project("{FAE04EC0-301F-11D3-BF4B-00C04F79EFBC}") = "Wipro_Constructor_eg3", "Wipro_Constructor_eg3\Wipro_Constructor_eg3.csproj", "{D3469FDB-6B67-46BD-8E30-84C376936E77}"
EndProject
Global
	GlobalSection(SolutionConfigurationPlatforms) = preSolution
		Debug|Any CPU = Debug|Any CPU
		Release|Any CPU = Release|Any CPU
	EndGlobalSection
	GlobalSection(ProjectConfigurationPlatforms) = postSolution
		{D3469FDB-6B67-46BD-8E30-84C376936E77}.Debug|Any CPU.ActiveCfg = Debug|Any CPU
		{D3469FDB-6B67-46BD-8E30-84C376936E77}.Debug|Any CPU.Build.0 = Debug|Any CPU
		{D3469FDB-6B67-46BD-8E30-84C376936E77}.Release|Any CPU.ActiveCfg = Release|Any CPU
		{D3469FDB-6B67-46BD-8E30-84C376936E77}.Release|Any CPU.Build.0 = Release|Any CPU
	EndGlobalSection
	GlobalSection(SolutionProperties) = preSolution
		HideSolutionNode = FALSE
	EndGlobalSection
	GlobalSection(ExtensibilityGlobals) = postSolution
		SolutionGuid = {3FB5A2BF-BA4D-48D6-B3B2-1881FEC54CCA}
	EndGlobalSection
EndGlobal
