
Microsoft Visual Studio Solution File, Format Version 12.00
# Visual Studio Version 17
VisualStudioVersion = 17.10.35122.118
MinimumVisualStudioVersion = 10.0.40219.1
Project("{FAE04EC0-301F-11D3-BF4B-00C04F79EFBC}") = "Wipro_Call_by_value", "Wipro_Call_by_value\Wipro_Call_by_value.csproj", "{0FD229C6-494A-4E72-A7DD-2C897C357C89}"
EndProject
Global
	GlobalSection(SolutionConfigurationPlatforms) = preSolution
		Debug|Any CPU = Debug|Any CPU
		Release|Any CPU = Release|Any CPU
	EndGlobalSection
	GlobalSection(ProjectConfigurationPlatforms) = postSolution
		{0FD229C6-494A-4E72-A7DD-2C897C357C89}.Debug|Any CPU.ActiveCfg = Debug|Any CPU
		{0FD229C6-494A-4E72-A7DD-2C897C357C89}.Debug|Any CPU.Build.0 = Debug|Any CPU
		{0FD229C6-494A-4E72-A7DD-2C897C357C89}.Release|Any CPU.ActiveCfg = Release|Any CPU
		{0FD229C6-494A-4E72-A7DD-2C897C357C89}.Release|Any CPU.Build.0 = Release|Any CPU
	EndGlobalSection
	GlobalSection(SolutionProperties) = preSolution
		HideSolutionNode = FALSE
	EndGlobalSection
	GlobalSection(ExtensibilityGlobals) = postSolution
		SolutionGuid = {D4F49223-8D51-4950-BFCB-D4C807A1F397}
	EndGlobalSection
EndGlobal
