
Microsoft Visual Studio Solution File, Format Version 12.00
# Visual Studio Version 17
VisualStudioVersion = 17.10.35122.118
MinimumVisualStudioVersion = 10.0.40219.1
Project("{FAE04EC0-301F-11D3-BF4B-00C04F79EFBC}") = "Wipro_Practice_Main", "Wipro_Practice_Main\Wipro_Practice_Main.csproj", "{37DD3C9E-5749-4DD6-90F9-A6E508EF7B6F}"
EndProject
Global
	GlobalSection(SolutionConfigurationPlatforms) = preSolution
		Debug|Any CPU = Debug|Any CPU
		Release|Any CPU = Release|Any CPU
	EndGlobalSection
	GlobalSection(ProjectConfigurationPlatforms) = postSolution
		{37DD3C9E-5749-4DD6-90F9-A6E508EF7B6F}.Debug|Any CPU.ActiveCfg = Debug|Any CPU
		{37DD3C9E-5749-4DD6-90F9-A6E508EF7B6F}.Debug|Any CPU.Build.0 = Debug|Any CPU
		{37DD3C9E-5749-4DD6-90F9-A6E508EF7B6F}.Release|Any CPU.ActiveCfg = Release|Any CPU
		{37DD3C9E-5749-4DD6-90F9-A6E508EF7B6F}.Release|Any CPU.Build.0 = Release|Any CPU
	EndGlobalSection
	GlobalSection(SolutionProperties) = preSolution
		HideSolutionNode = FALSE
	EndGlobalSection
	GlobalSection(ExtensibilityGlobals) = postSolution
		SolutionGuid = {233E5060-71A2-452D-85B7-71AD24081375}
	EndGlobalSection
EndGlobal
