
Microsoft Visual Studio Solution File, Format Version 12.00
# Visual Studio Version 17
VisualStudioVersion = 17.10.35122.118
MinimumVisualStudioVersion = 10.0.40219.1
Project("{FAE04EC0-301F-11D3-BF4B-00C04F79EFBC}") = "Wipro_prog2", "Wipro_prog2\Wipro_prog2.csproj", "{50AA5207-8217-45EC-A6A5-155F9E619104}"
EndProject
Global
	GlobalSection(SolutionConfigurationPlatforms) = preSolution
		Debug|Any CPU = Debug|Any CPU
		Release|Any CPU = Release|Any CPU
	EndGlobalSection
	GlobalSection(ProjectConfigurationPlatforms) = postSolution
		{50AA5207-8217-45EC-A6A5-155F9E619104}.Debug|Any CPU.ActiveCfg = Debug|Any CPU
		{50AA5207-8217-45EC-A6A5-155F9E619104}.Debug|Any CPU.Build.0 = Debug|Any CPU
		{50AA5207-8217-45EC-A6A5-155F9E619104}.Release|Any CPU.ActiveCfg = Release|Any CPU
		{50AA5207-8217-45EC-A6A5-155F9E619104}.Release|Any CPU.Build.0 = Release|Any CPU
	EndGlobalSection
	GlobalSection(SolutionProperties) = preSolution
		HideSolutionNode = FALSE
	EndGlobalSection
	GlobalSection(ExtensibilityGlobals) = postSolution
		SolutionGuid = {775E5947-4153-4150-9AEE-2105D106961B}
	EndGlobalSection
EndGlobal
