
Microsoft Visual Studio Solution File, Format Version 12.00
# Visual Studio Version 17
VisualStudioVersion = 17.10.35122.118
MinimumVisualStudioVersion = 10.0.40219.1
Project("{FAE04EC0-301F-11D3-BF4B-00C04F79EFBC}") = "Wipro_Zero_Program", "Wipro_Zero_Program\Wipro_Zero_Program.csproj", "{4718A746-53AA-47F3-93E7-EFD23A07D753}"
EndProject
Global
	GlobalSection(SolutionConfigurationPlatforms) = preSolution
		Debug|Any CPU = Debug|Any CPU
		Release|Any CPU = Release|Any CPU
	EndGlobalSection
	GlobalSection(ProjectConfigurationPlatforms) = postSolution
		{4718A746-53AA-47F3-93E7-EFD23A07D753}.Debug|Any CPU.ActiveCfg = Debug|Any CPU
		{4718A746-53AA-47F3-93E7-EFD23A07D753}.Debug|Any CPU.Build.0 = Debug|Any CPU
		{4718A746-53AA-47F3-93E7-EFD23A07D753}.Release|Any CPU.ActiveCfg = Release|Any CPU
		{4718A746-53AA-47F3-93E7-EFD23A07D753}.Release|Any CPU.Build.0 = Release|Any CPU
	EndGlobalSection
	GlobalSection(SolutionProperties) = preSolution
		HideSolutionNode = FALSE
	EndGlobalSection
	GlobalSection(ExtensibilityGlobals) = postSolution
		SolutionGuid = {B3FAF2E6-DFA0-45BA-889B-3DECF905D221}
	EndGlobalSection
EndGlobal
