
Microsoft Visual Studio Solution File, Format Version 12.00
# Visual Studio Version 17
VisualStudioVersion = 17.10.35122.118
MinimumVisualStudioVersion = 10.0.40219.1
Project("{FAE04EC0-301F-11D3-BF4B-00C04F79EFBC}") = "Wipro_Logical_operators", "Wipro_Logical_operators\Wipro_Logical_operators.csproj", "{4BC75783-56EF-485E-B0F4-31B6F9311D00}"
EndProject
Global
	GlobalSection(SolutionConfigurationPlatforms) = preSolution
		Debug|Any CPU = Debug|Any CPU
		Release|Any CPU = Release|Any CPU
	EndGlobalSection
	GlobalSection(ProjectConfigurationPlatforms) = postSolution
		{4BC75783-56EF-485E-B0F4-31B6F9311D00}.Debug|Any CPU.ActiveCfg = Debug|Any CPU
		{4BC75783-56EF-485E-B0F4-31B6F9311D00}.Debug|Any CPU.Build.0 = Debug|Any CPU
		{4BC75783-56EF-485E-B0F4-31B6F9311D00}.Release|Any CPU.ActiveCfg = Release|Any CPU
		{4BC75783-56EF-485E-B0F4-31B6F9311D00}.Release|Any CPU.Build.0 = Release|Any CPU
	EndGlobalSection
	GlobalSection(SolutionProperties) = preSolution
		HideSolutionNode = FALSE
	EndGlobalSection
	GlobalSection(ExtensibilityGlobals) = postSolution
		SolutionGuid = {7C653E3E-295C-417B-9E91-0B8FF701FBAC}
	EndGlobalSection
EndGlobal
