
Microsoft Visual Studio Solution File, Format Version 12.00
# Visual Studio Version 17
VisualStudioVersion = 17.10.35122.118
MinimumVisualStudioVersion = 10.0.40219.1
Project("{FAE04EC0-301F-11D3-BF4B-00C04F79EFBC}") = "Wipro_Dependency_Practice_17_08_2024", "Wipro_Dependency_Practice_17_08_2024\Wipro_Dependency_Practice_17_08_2024.csproj", "{EB59CE10-60BF-404B-912B-1947A7387A00}"
EndProject
Global
	GlobalSection(SolutionConfigurationPlatforms) = preSolution
		Debug|Any CPU = Debug|Any CPU
		Release|Any CPU = Release|Any CPU
	EndGlobalSection
	GlobalSection(ProjectConfigurationPlatforms) = postSolution
		{EB59CE10-60BF-404B-912B-1947A7387A00}.Debug|Any CPU.ActiveCfg = Debug|Any CPU
		{EB59CE10-60BF-404B-912B-1947A7387A00}.Debug|Any CPU.Build.0 = Debug|Any CPU
		{EB59CE10-60BF-404B-912B-1947A7387A00}.Release|Any CPU.ActiveCfg = Release|Any CPU
		{EB59CE10-60BF-404B-912B-1947A7387A00}.Release|Any CPU.Build.0 = Release|Any CPU
	EndGlobalSection
	GlobalSection(SolutionProperties) = preSolution
		HideSolutionNode = FALSE
	EndGlobalSection
	GlobalSection(ExtensibilityGlobals) = postSolution
		SolutionGuid = {0FBC7623-D899-459C-B135-5099E8CF7248}
	EndGlobalSection
EndGlobal
