
Microsoft Visual Studio Solution File, Format Version 12.00
# Visual Studio Version 17
VisualStudioVersion = 17.10.35122.118
MinimumVisualStudioVersion = 10.0.40219.1
Project("{FAE04EC0-301F-11D3-BF4B-00C04F79EFBC}") = "Wipro_Continue", "Wipro_Continue\Wipro_Continue.csproj", "{EB02FED9-CF63-46F2-9D40-932198421A11}"
EndProject
Global
	GlobalSection(SolutionConfigurationPlatforms) = preSolution
		Debug|Any CPU = Debug|Any CPU
		Release|Any CPU = Release|Any CPU
	EndGlobalSection
	GlobalSection(ProjectConfigurationPlatforms) = postSolution
		{EB02FED9-CF63-46F2-9D40-932198421A11}.Debug|Any CPU.ActiveCfg = Debug|Any CPU
		{EB02FED9-CF63-46F2-9D40-932198421A11}.Debug|Any CPU.Build.0 = Debug|Any CPU
		{EB02FED9-CF63-46F2-9D40-932198421A11}.Release|Any CPU.ActiveCfg = Release|Any CPU
		{EB02FED9-CF63-46F2-9D40-932198421A11}.Release|Any CPU.Build.0 = Release|Any CPU
	EndGlobalSection
	GlobalSection(SolutionProperties) = preSolution
		HideSolutionNode = FALSE
	EndGlobalSection
	GlobalSection(ExtensibilityGlobals) = postSolution
		SolutionGuid = {F0B19418-CA79-4C02-80AF-19D7A0EF8ABD}
	EndGlobalSection
EndGlobal
