
Microsoft Visual Studio Solution File, Format Version 12.00
# Visual Studio Version 17
VisualStudioVersion = 17.10.35122.118
MinimumVisualStudioVersion = 10.0.40219.1
Project("{FAE04EC0-301F-11D3-BF4B-00C04F79EFBC}") = "Wipro_Lambda_Expression", "Wipro_Lambda_Expression\Wipro_Lambda_Expression.csproj", "{07D150E5-C011-4E32-8135-C2AB93E1621C}"
EndProject
Global
	GlobalSection(SolutionConfigurationPlatforms) = preSolution
		Debug|Any CPU = Debug|Any CPU
		Release|Any CPU = Release|Any CPU
	EndGlobalSection
	GlobalSection(ProjectConfigurationPlatforms) = postSolution
		{07D150E5-C011-4E32-8135-C2AB93E1621C}.Debug|Any CPU.ActiveCfg = Debug|Any CPU
		{07D150E5-C011-4E32-8135-C2AB93E1621C}.Debug|Any CPU.Build.0 = Debug|Any CPU
		{07D150E5-C011-4E32-8135-C2AB93E1621C}.Release|Any CPU.ActiveCfg = Release|Any CPU
		{07D150E5-C011-4E32-8135-C2AB93E1621C}.Release|Any CPU.Build.0 = Release|Any CPU
	EndGlobalSection
	GlobalSection(SolutionProperties) = preSolution
		HideSolutionNode = FALSE
	EndGlobalSection
	GlobalSection(ExtensibilityGlobals) = postSolution
		SolutionGuid = {6157B900-2DBD-4CE9-8EDC-B7F31C5C0DBA}
	EndGlobalSection
EndGlobal
