
Microsoft Visual Studio Solution File, Format Version 12.00
# Visual Studio Version 17
VisualStudioVersion = 17.10.35122.118
MinimumVisualStudioVersion = 10.0.40219.1
Project("{FAE04EC0-301F-11D3-BF4B-00C04F79EFBC}") = "parameters", "parameters\parameters.csproj", "{E3413646-32A7-4756-BD07-A1C6F2427512}"
EndProject
Global
	GlobalSection(SolutionConfigurationPlatforms) = preSolution
		Debug|Any CPU = Debug|Any CPU
		Release|Any CPU = Release|Any CPU
	EndGlobalSection
	GlobalSection(ProjectConfigurationPlatforms) = postSolution
		{E3413646-32A7-4756-BD07-A1C6F2427512}.Debug|Any CPU.ActiveCfg = Debug|Any CPU
		{E3413646-32A7-4756-BD07-A1C6F2427512}.Debug|Any CPU.Build.0 = Debug|Any CPU
		{E3413646-32A7-4756-BD07-A1C6F2427512}.Release|Any CPU.ActiveCfg = Release|Any CPU
		{E3413646-32A7-4756-BD07-A1C6F2427512}.Release|Any CPU.Build.0 = Release|Any CPU
	EndGlobalSection
	GlobalSection(SolutionProperties) = preSolution
		HideSolutionNode = FALSE
	EndGlobalSection
	GlobalSection(ExtensibilityGlobals) = postSolution
		SolutionGuid = {0F2E85FC-F88A-4CFE-8E00-2CC5D6032AB8}
	EndGlobalSection
EndGlobal
