
Microsoft Visual Studio Solution File, Format Version 12.00
# Visual Studio Version 17
VisualStudioVersion = 17.10.35122.118
MinimumVisualStudioVersion = 10.0.40219.1
Project("{FAE04EC0-301F-11D3-BF4B-00C04F79EFBC}") = "MVC_Practice_Car", "MVC_Practice_Car\MVC_Practice_Car.csproj", "{C36F983A-4253-4986-9D02-AE6377EB94F8}"
EndProject
Global
	GlobalSection(SolutionConfigurationPlatforms) = preSolution
		Debug|Any CPU = Debug|Any CPU
		Release|Any CPU = Release|Any CPU
	EndGlobalSection
	GlobalSection(ProjectConfigurationPlatforms) = postSolution
		{C36F983A-4253-4986-9D02-AE6377EB94F8}.Debug|Any CPU.ActiveCfg = Debug|Any CPU
		{C36F983A-4253-4986-9D02-AE6377EB94F8}.Debug|Any CPU.Build.0 = Debug|Any CPU
		{C36F983A-4253-4986-9D02-AE6377EB94F8}.Release|Any CPU.ActiveCfg = Release|Any CPU
		{C36F983A-4253-4986-9D02-AE6377EB94F8}.Release|Any CPU.Build.0 = Release|Any CPU
	EndGlobalSection
	GlobalSection(SolutionProperties) = preSolution
		HideSolutionNode = FALSE
	EndGlobalSection
	GlobalSection(ExtensibilityGlobals) = postSolution
		SolutionGuid = {07B3CBF5-DFDA-486D-9CBE-2C645A41236C}
	EndGlobalSection
EndGlobal
