
Microsoft Visual Studio Solution File, Format Version 12.00
# Visual Studio Version 17
VisualStudioVersion = 17.10.35122.118
MinimumVisualStudioVersion = 10.0.40219.1
Project("{FAE04EC0-301F-11D3-BF4B-00C04F79EFBC}") = "Wipro_Program3_Using_Class_Lib", "Wipro_Program3_Using_Class_Lib\Wipro_Program3_Using_Class_Lib.csproj", "{8342EA38-6665-416B-ABC4-1C6302896D4E}"
EndProject
Global
	GlobalSection(SolutionConfigurationPlatforms) = preSolution
		Debug|Any CPU = Debug|Any CPU
		Release|Any CPU = Release|Any CPU
	EndGlobalSection
	GlobalSection(ProjectConfigurationPlatforms) = postSolution
		{8342EA38-6665-416B-ABC4-1C6302896D4E}.Debug|Any CPU.ActiveCfg = Debug|Any CPU
		{8342EA38-6665-416B-ABC4-1C6302896D4E}.Debug|Any CPU.Build.0 = Debug|Any CPU
		{8342EA38-6665-416B-ABC4-1C6302896D4E}.Release|Any CPU.ActiveCfg = Release|Any CPU
		{8342EA38-6665-416B-ABC4-1C6302896D4E}.Release|Any CPU.Build.0 = Release|Any CPU
	EndGlobalSection
	GlobalSection(SolutionProperties) = preSolution
		HideSolutionNode = FALSE
	EndGlobalSection
	GlobalSection(ExtensibilityGlobals) = postSolution
		SolutionGuid = {3D698FEC-0F56-4AB6-B53A-8C8D19D38627}
	EndGlobalSection
EndGlobal
