
Microsoft Visual Studio Solution File, Format Version 12.00
# Visual Studio Version 17
VisualStudioVersion = 17.10.35122.118
MinimumVisualStudioVersion = 10.0.40219.1
Project("{FAE04EC0-301F-11D3-BF4B-00C04F79EFBC}") = "Wipro_readOnly", "Wipro_readOnly\Wipro_readOnly.csproj", "{200C9831-F08B-4489-86F3-4179DD39958B}"
EndProject
Global
	GlobalSection(SolutionConfigurationPlatforms) = preSolution
		Debug|Any CPU = Debug|Any CPU
		Release|Any CPU = Release|Any CPU
	EndGlobalSection
	GlobalSection(ProjectConfigurationPlatforms) = postSolution
		{200C9831-F08B-4489-86F3-4179DD39958B}.Debug|Any CPU.ActiveCfg = Debug|Any CPU
		{200C9831-F08B-4489-86F3-4179DD39958B}.Debug|Any CPU.Build.0 = Debug|Any CPU
		{200C9831-F08B-4489-86F3-4179DD39958B}.Release|Any CPU.ActiveCfg = Release|Any CPU
		{200C9831-F08B-4489-86F3-4179DD39958B}.Release|Any CPU.Build.0 = Release|Any CPU
	EndGlobalSection
	GlobalSection(SolutionProperties) = preSolution
		HideSolutionNode = FALSE
	EndGlobalSection
	GlobalSection(ExtensibilityGlobals) = postSolution
		SolutionGuid = {CE77A4C7-2FC3-417B-B362-D2141EBB705D}
	EndGlobalSection
EndGlobal
