
Microsoft Visual Studio Solution File, Format Version 12.00
# Visual Studio Version 17
VisualStudioVersion = 17.10.35122.118
MinimumVisualStudioVersion = 10.0.40219.1
Project("{FAE04EC0-301F-11D3-BF4B-00C04F79EFBC}") = "Wipro_Abstract_18_08_2024", "Wipro_Abstract_18_08_2024\Wipro_Abstract_18_08_2024.csproj", "{F9592A7B-C3D2-4F52-9372-97C0A75A874E}"
EndProject
Global
	GlobalSection(SolutionConfigurationPlatforms) = preSolution
		Debug|Any CPU = Debug|Any CPU
		Release|Any CPU = Release|Any CPU
	EndGlobalSection
	GlobalSection(ProjectConfigurationPlatforms) = postSolution
		{F9592A7B-C3D2-4F52-9372-97C0A75A874E}.Debug|Any CPU.ActiveCfg = Debug|Any CPU
		{F9592A7B-C3D2-4F52-9372-97C0A75A874E}.Debug|Any CPU.Build.0 = Debug|Any CPU
		{F9592A7B-C3D2-4F52-9372-97C0A75A874E}.Release|Any CPU.ActiveCfg = Release|Any CPU
		{F9592A7B-C3D2-4F52-9372-97C0A75A874E}.Release|Any CPU.Build.0 = Release|Any CPU
	EndGlobalSection
	GlobalSection(SolutionProperties) = preSolution
		HideSolutionNode = FALSE
	EndGlobalSection
	GlobalSection(ExtensibilityGlobals) = postSolution
		SolutionGuid = {7BC93D6F-1CDF-4775-AAD5-0796CC7FFC23}
	EndGlobalSection
EndGlobal
