
Microsoft Visual Studio Solution File, Format Version 12.00
# Visual Studio Version 17
VisualStudioVersion = 17.10.35122.118
MinimumVisualStudioVersion = 10.0.40219.1
Project("{FAE04EC0-301F-11D3-BF4B-00C04F79EFBC}") = "Wipro_Single_Responsibility", "Wipro_Single_Responsibility\Wipro_Single_Responsibility.csproj", "{AC15FAB1-991E-4EC0-B1F0-CBDC293A13CA}"
EndProject
Global
	GlobalSection(SolutionConfigurationPlatforms) = preSolution
		Debug|Any CPU = Debug|Any CPU
		Release|Any CPU = Release|Any CPU
	EndGlobalSection
	GlobalSection(ProjectConfigurationPlatforms) = postSolution
		{AC15FAB1-991E-4EC0-B1F0-CBDC293A13CA}.Debug|Any CPU.ActiveCfg = Debug|Any CPU
		{AC15FAB1-991E-4EC0-B1F0-CBDC293A13CA}.Debug|Any CPU.Build.0 = Debug|Any CPU
		{AC15FAB1-991E-4EC0-B1F0-CBDC293A13CA}.Release|Any CPU.ActiveCfg = Release|Any CPU
		{AC15FAB1-991E-4EC0-B1F0-CBDC293A13CA}.Release|Any CPU.Build.0 = Release|Any CPU
	EndGlobalSection
	GlobalSection(SolutionProperties) = preSolution
		HideSolutionNode = FALSE
	EndGlobalSection
	GlobalSection(ExtensibilityGlobals) = postSolution
		SolutionGuid = {84B0BDC8-6D98-44D1-8AD7-CEBF6C9BA3BD}
	EndGlobalSection
EndGlobal
