
Microsoft Visual Studio Solution File, Format Version 12.00
# Visual Studio Version 17
VisualStudioVersion = 17.10.35122.118
MinimumVisualStudioVersion = 10.0.40219.1
Project("{FAE04EC0-301F-11D3-BF4B-00C04F79EFBC}") = "Wipro_MVC_Student_ViewBag_02nd", "Wipro_MVC_Student_ViewBag_02nd\Wipro_MVC_Student_ViewBag_02nd.csproj", "{D78DA6CF-32AF-4B1E-9ECB-ED30BD44D1D1}"
EndProject
Global
	GlobalSection(SolutionConfigurationPlatforms) = preSolution
		Debug|Any CPU = Debug|Any CPU
		Release|Any CPU = Release|Any CPU
	EndGlobalSection
	GlobalSection(ProjectConfigurationPlatforms) = postSolution
		{D78DA6CF-32AF-4B1E-9ECB-ED30BD44D1D1}.Debug|Any CPU.ActiveCfg = Debug|Any CPU
		{D78DA6CF-32AF-4B1E-9ECB-ED30BD44D1D1}.Debug|Any CPU.Build.0 = Debug|Any CPU
		{D78DA6CF-32AF-4B1E-9ECB-ED30BD44D1D1}.Release|Any CPU.ActiveCfg = Release|Any CPU
		{D78DA6CF-32AF-4B1E-9ECB-ED30BD44D1D1}.Release|Any CPU.Build.0 = Release|Any CPU
	EndGlobalSection
	GlobalSection(SolutionProperties) = preSolution
		HideSolutionNode = FALSE
	EndGlobalSection
	GlobalSection(ExtensibilityGlobals) = postSolution
		SolutionGuid = {32A22494-5EA7-42D6-8A98-DD54F50F5621}
	EndGlobalSection
EndGlobal
