
Microsoft Visual Studio Solution File, Format Version 12.00
# Visual Studio Version 17
VisualStudioVersion = 17.10.35122.118
MinimumVisualStudioVersion = 10.0.40219.1
Project("{FAE04EC0-301F-11D3-BF4B-00C04F79EFBC}") = "Wipro_Three_Constructors", "Wipro_Three_Constructors\Wipro_Three_Constructors.csproj", "{3C531FA4-243A-437C-B14A-4814F95EF53D}"
EndProject
Global
	GlobalSection(SolutionConfigurationPlatforms) = preSolution
		Debug|Any CPU = Debug|Any CPU
		Release|Any CPU = Release|Any CPU
	EndGlobalSection
	GlobalSection(ProjectConfigurationPlatforms) = postSolution
		{3C531FA4-243A-437C-B14A-4814F95EF53D}.Debug|Any CPU.ActiveCfg = Debug|Any CPU
		{3C531FA4-243A-437C-B14A-4814F95EF53D}.Debug|Any CPU.Build.0 = Debug|Any CPU
		{3C531FA4-243A-437C-B14A-4814F95EF53D}.Release|Any CPU.ActiveCfg = Release|Any CPU
		{3C531FA4-243A-437C-B14A-4814F95EF53D}.Release|Any CPU.Build.0 = Release|Any CPU
	EndGlobalSection
	GlobalSection(SolutionProperties) = preSolution
		HideSolutionNode = FALSE
	EndGlobalSection
	GlobalSection(ExtensibilityGlobals) = postSolution
		SolutionGuid = {4327E384-83D6-45A0-A469-1BA7A0B42AB2}
	EndGlobalSection
EndGlobal
