
Microsoft Visual Studio Solution File, Format Version 12.00
# Visual Studio Version 17
VisualStudioVersion = 17.10.35122.118
MinimumVisualStudioVersion = 10.0.40219.1
Project("{FAE04EC0-301F-11D3-BF4B-00C04F79EFBC}") = "Wirpro_API_27_08_2024", "Wirpro_API_27_08_2024\Wirpro_API_27_08_2024.csproj", "{D8066024-B147-4EAA-B807-8D4535A42BD6}"
EndProject
Global
	GlobalSection(SolutionConfigurationPlatforms) = preSolution
		Debug|Any CPU = Debug|Any CPU
		Release|Any CPU = Release|Any CPU
	EndGlobalSection
	GlobalSection(ProjectConfigurationPlatforms) = postSolution
		{D8066024-B147-4EAA-B807-8D4535A42BD6}.Debug|Any CPU.ActiveCfg = Debug|Any CPU
		{D8066024-B147-4EAA-B807-8D4535A42BD6}.Debug|Any CPU.Build.0 = Debug|Any CPU
		{D8066024-B147-4EAA-B807-8D4535A42BD6}.Release|Any CPU.ActiveCfg = Release|Any CPU
		{D8066024-B147-4EAA-B807-8D4535A42BD6}.Release|Any CPU.Build.0 = Release|Any CPU
	EndGlobalSection
	GlobalSection(SolutionProperties) = preSolution
		HideSolutionNode = FALSE
	EndGlobalSection
	GlobalSection(ExtensibilityGlobals) = postSolution
		SolutionGuid = {C308CE47-286A-40A8-BA2E-63E6D237B087}
	EndGlobalSection
EndGlobal
